// !$*UTF8*$!
{
	archiveVersion = 1;
	classes = {
	};
	objectVersion = 56;
	objects = {

/* Begin PBXBuildFile section */
		43059792291D780B00814C1B /* CATAASApp.swift in Sources */ = {isa = PBXBuildFile; fileRef = 43059791291D780B00814C1B /* CATAASApp.swift */; };
		43059796291D780D00814C1B /* Assets.xcassets in Resources */ = {isa = PBXBuildFile; fileRef = 43059795291D780D00814C1B /* Assets.xcassets */; };
		43059799291D780D00814C1B /* Preview Assets.xcassets in Resources */ = {isa = PBXBuildFile; fileRef = 43059798291D780D00814C1B /* Preview Assets.xcassets */; };
		430597A0291D7BF800814C1B /* CatConsumer.swift in Sources */ = {isa = PBXBuildFile; fileRef = 4305979F291D7BF800814C1B /* CatConsumer.swift */; };
		430597A2291D7C0300814C1B /* Cat.swift in Sources */ = {isa = PBXBuildFile; fileRef = 430597A1291D7C0300814C1B /* Cat.swift */; };
		430597AA291D7D5F00814C1B /* CatCollection.swift in Sources */ = {isa = PBXBuildFile; fileRef = 430597A9291D7D5F00814C1B /* CatCollection.swift */; };
		430597AC291D7DFD00814C1B /* Cat+Example.swift in Sources */ = {isa = PBXBuildFile; fileRef = 430597AB291D7DFD00814C1B /* Cat+Example.swift */; };
		430597AF291D868400814C1B /* CatConjurer.swift in Sources */ = {isa = PBXBuildFile; fileRef = 430597AE291D868400814C1B /* CatConjurer.swift */; };
		43B542E72921A3F400F7D607 /* CatDetails.swift in Sources */ = {isa = PBXBuildFile; fileRef = 43B542E62921A3F400F7D607 /* CatDetails.swift */; };
		43B542E92921C17E00F7D607 /* CatImage.swift in Sources */ = {isa = PBXBuildFile; fileRef = 43B542E82921C17E00F7D607 /* CatImage.swift */; };
		43FA0E6C29227EBE00D089B5 /* README.md in Resources */ = {isa = PBXBuildFile; fileRef = 43FA0E6B29227EBE00D089B5 /* README.md */; };
/* End PBXBuildFile section */

/* Begin PBXFileReference section */
		4305978E291D780B00814C1B /* CATAAS.app */ = {isa = PBXFileReference; explicitFileType = wrapper.application; includeInIndex = 0; path = CATAAS.app; sourceTree = BUILT_PRODUCTS_DIR; };
		43059791291D780B00814C1B /* CATAASApp.swift */ = {isa = PBXFileReference; lastKnownFileType = sourcecode.swift; path = CATAASApp.swift; sourceTree = "<group>"; };
		43059795291D780D00814C1B /* Assets.xcassets */ = {isa = PBXFileReference; lastKnownFileType = folder.assetcatalog; path = Assets.xcassets; sourceTree = "<group>"; };
		43059798291D780D00814C1B /* Preview Assets.xcassets */ = {isa = PBXFileReference; lastKnownFileType = folder.assetcatalog; path = "Preview Assets.xcassets"; sourceTree = "<group>"; };
		4305979F291D7BF800814C1B /* CatConsumer.swift */ = {isa = PBXFileReference; lastKnownFileType = sourcecode.swift; path = CatConsumer.swift; sourceTree = "<group>"; };
		430597A1291D7C0300814C1B /* Cat.swift */ = {isa = PBXFileReference; lastKnownFileType = sourcecode.swift; path = Cat.swift; sourceTree = "<group>"; };
		430597A9291D7D5F00814C1B /* CatCollection.swift */ = {isa = PBXFileReference; lastKnownFileType = sourcecode.swift; path = CatCollection.swift; sourceTree = "<group>"; };
		430597AB291D7DFD00814C1B /* Cat+Example.swift */ = {isa = PBXFileReference; lastKnownFileType = sourcecode.swift; path = "Cat+Example.swift"; sourceTree = "<group>"; };
		430597AD291D801700814C1B /* Info.plist */ = {isa = PBXFileReference; lastKnownFileType = text.plist; path = Info.plist; sourceTree = "<group>"; };
		430597AE291D868400814C1B /* CatConjurer.swift */ = {isa = PBXFileReference; lastKnownFileType = sourcecode.swift; path = CatConjurer.swift; sourceTree = "<group>"; };
		43B542E62921A3F400F7D607 /* CatDetails.swift */ = {isa = PBXFileReference; lastKnownFileType = sourcecode.swift; path = CatDetails.swift; sourceTree = "<group>"; };
		43B542E82921C17E00F7D607 /* CatImage.swift */ = {isa = PBXFileReference; lastKnownFileType = sourcecode.swift; path = CatImage.swift; sourceTree = "<group>"; };
		43FA0E6B29227EBE00D089B5 /* README.md */ = {isa = PBXFileReference; fileEncoding = 4; lastKnownFileType = net.daringfireball.markdown; name = README.md; path = ../../README.md; sourceTree = "<group>"; };
/* End PBXFileReference section */

/* Begin PBXFrameworksBuildPhase section */
		4305978B291D780B00814C1B /* Frameworks */ = {
			isa = PBXFrameworksBuildPhase;
			buildActionMask = 2147483647;
			files = (
			);
			runOnlyForDeploymentPostprocessing = 0;
		};
/* End PBXFrameworksBuildPhase section */

/* Begin PBXGroup section */
		43059785291D780B00814C1B = {
			isa = PBXGroup;
			children = (
				43059790291D780B00814C1B /* CATAAS */,
				4305978F291D780B00814C1B /* Products */,
			);
			sourceTree = "<group>";
		};
		4305978F291D780B00814C1B /* Products */ = {
			isa = PBXGroup;
			children = (
				4305978E291D780B00814C1B /* CATAAS.app */,
			);
			name = Products;
			sourceTree = "<group>";
		};
		43059790291D780B00814C1B /* CATAAS */ = {
			isa = PBXGroup;
			children = (
				43FA0E6B29227EBE00D089B5 /* README.md */,
				43059791291D780B00814C1B /* CATAASApp.swift */,
				430597A4291D7C2100814C1B /* Model */,
				430597A5291D7C2E00814C1B /* Views */,
				430597AD291D801700814C1B /* Info.plist */,
				43059795291D780D00814C1B /* Assets.xcassets */,
				43059797291D780D00814C1B /* Preview Content */,
			);
			path = CATAAS;
			sourceTree = "<group>";
		};
		43059797291D780D00814C1B /* Preview Content */ = {
			isa = PBXGroup;
			children = (
				43059798291D780D00814C1B /* Preview Assets.xcassets */,
			);
			path = "Preview Content";
			sourceTree = "<group>";
		};
		430597A4291D7C2100814C1B /* Model */ = {
			isa = PBXGroup;
			children = (
				4305979F291D7BF800814C1B /* CatConsumer.swift */,
				430597A1291D7C0300814C1B /* Cat.swift */,
				430597AB291D7DFD00814C1B /* Cat+Example.swift */,
			);
			path = Model;
			sourceTree = "<group>";
		};
		430597A5291D7C2E00814C1B /* Views */ = {
			isa = PBXGroup;
			children = (
				430597AE291D868400814C1B /* CatConjurer.swift */,
				430597A9291D7D5F00814C1B /* CatCollection.swift */,
				43B542E62921A3F400F7D607 /* CatDetails.swift */,
				43B542E82921C17E00F7D607 /* CatImage.swift */,
			);
			path = Views;
			sourceTree = "<group>";
		};
/* End PBXGroup section */

/* Begin PBXNativeTarget section */
		4305978D291D780B00814C1B /* CATAAS */ = {
			isa = PBXNativeTarget;
			buildConfigurationList = 4305979C291D780D00814C1B /* Build configuration list for PBXNativeTarget "CATAAS" */;
			buildPhases = (
				4305978A291D780B00814C1B /* Sources */,
				4305978B291D780B00814C1B /* Frameworks */,
				4305978C291D780B00814C1B /* Resources */,
			);
			buildRules = (
			);
			dependencies = (
			);
			name = CATAAS;
			packageProductDependencies = (
			);
			productName = CATAAS;
			productReference = 4305978E291D780B00814C1B /* CATAAS.app */;
			productType = "com.apple.product-type.application";
		};
/* End PBXNativeTarget section */

/* Begin PBXProject section */
		43059786291D780B00814C1B /* Project object */ = {
			isa = PBXProject;
			attributes = {
				BuildIndependentTargetsInParallel = 1;
				LastSwiftUpdateCheck = 1400;
				LastUpgradeCheck = 1400;
				TargetAttributes = {
					4305978D291D780B00814C1B = {
						CreatedOnToolsVersion = 14.0;
					};
				};
			};
			buildConfigurationList = 43059789291D780B00814C1B /* Build configuration list for PBXProject "CATAAS" */;
			compatibilityVersion = "Xcode 14.0";
			developmentRegion = en;
			hasScannedForEncodings = 0;
			knownRegions = (
				en,
				Base,
			);
			mainGroup = 43059785291D780B00814C1B;
			packageReferences = (
			);
			productRefGroup = 4305978F291D780B00814C1B /* Products */;
			projectDirPath = "";
			projectRoot = "";
			targets = (
				4305978D291D780B00814C1B /* CATAAS */,
			);
		};
/* End PBXProject section */

/* Begin PBXResourcesBuildPhase section */
		4305978C291D780B00814C1B /* Resources */ = {
			isa = PBXResourcesBuildPhase;
			buildActionMask = 2147483647;
			files = (
				43FA0E6C29227EBE00D089B5 /* README.md in Resources */,
				43059799291D780D00814C1B /* Preview Assets.xcassets in Resources */,
				43059796291D780D00814C1B /* Assets.xcassets in Resources */,
			);
			runOnlyForDeploymentPostprocessing = 0;
		};
/* End PBXResourcesBuildPhase section */

/* Begin PBXSourcesBuildPhase section */
		4305978A291D780B00814C1B /* Sources */ = {
			isa = PBXSourcesBuildPhase;
			buildActionMask = 2147483647;
			files = (
				430597A2291D7C0300814C1B /* Cat.swift in Sources */,
				43059792291D780B00814C1B /* CATAASApp.swift in Sources */,
				430597AF291D868400814C1B /* CatConjurer.swift in Sources */,
				430597A0291D7BF800814C1B /* CatConsumer.swift in Sources */,
				43B542E92921C17E00F7D607 /* CatImage.swift in Sources */,
				43B542E72921A3F400F7D607 /* CatDetails.swift in Sources */,
				430597AA291D7D5F00814C1B /* CatCollection.swift in Sources */,
				430597AC291D7DFD00814C1B /* Cat+Example.swift in Sources */,
			);
			runOnlyForDeploymentPostprocessing = 0;
		};
/* End PBXSourcesBuildPhase section */

/* Begin XCBuildConfiguration section */
		4305979A291D780D00814C1B /* Debug */ = {
			isa = XCBuildConfiguration;
			buildSettings = {
				ALWAYS_SEARCH_USER_PATHS = NO;
				CLANG_ANALYZER_NONNULL = YES;
				CLANG_ANALYZER_NUMBER_OBJECT_CONVERSION = YES_AGGRESSIVE;
				CLANG_CXX_LANGUAGE_STANDARD = "gnu++20";
				CLANG_ENABLE_MODULES = YES;
				CLANG_ENABLE_OBJC_ARC = YES;
				CLANG_ENABLE_OBJC_WEAK = YES;
				CLANG_WARN_BLOCK_CAPTURE_AUTORELEASING = YES;
				CLANG_WARN_BOOL_CONVERSION = YES;
				CLANG_WARN_COMMA = YES;
				CLANG_WARN_CONSTANT_CONVERSION = YES;
				CLANG_WARN_DEPRECATED_OBJC_IMPLEMENTATIONS = YES;
				CLANG_WARN_DIRECT_OBJC_ISA_USAGE = YES_ERROR;
				CLANG_WARN_DOCUMENTATION_COMMENTS = YES;
				CLANG_WARN_EMPTY_BODY = YES;
				CLANG_WARN_ENUM_CONVERSION = YES;
				CLANG_WARN_INFINITE_RECURSION = YES;
				CLANG_WARN_INT_CONVERSION = YES;
				CLANG_WARN_NON_LITERAL_NULL_CONVERSION = YES;
				CLANG_WARN_OBJC_IMPLICIT_RETAIN_SELF = YES;
				CLANG_WARN_OBJC_LITERAL_CONVERSION = YES;
				CLANG_WARN_OBJC_ROOT_CLASS = YES_ERROR;
				CLANG_WARN_QUOTED_INCLUDE_IN_FRAMEWORK_HEADER = YES;
				CLANG_WARN_RANGE_LOOP_ANALYSIS = YES;
				CLANG_WARN_STRICT_PROTOTYPES = YES;
				CLANG_WARN_SUSPICIOUS_MOVE = YES;
				CLANG_WARN_UNGUARDED_AVAILABILITY = YES_AGGRESSIVE;
				CLANG_WARN_UNREACHABLE_CODE = YES;
				CLANG_WARN__DUPLICATE_METHOD_MATCH = YES;
				COPY_PHASE_STRIP = NO;
				DEBUG_INFORMATION_FORMAT = dwarf;
				ENABLE_STRICT_OBJC_MSGSEND = YES;
				ENABLE_TESTABILITY = YES;
				GCC_C_LANGUAGE_STANDARD = gnu11;
				GCC_DYNAMIC_NO_PIC = NO;
				GCC_NO_COMMON_BLOCKS = YES;
				GCC_OPTIMIZATION_LEVEL = 0;
				GCC_PREPROCESSOR_DEFINITIONS = (
					"DEBUG=1",
					"$(inherited)",
				);
				GCC_WARN_64_TO_32_BIT_CONVERSION = YES;
				GCC_WARN_ABOUT_RETURN_TYPE = YES_ERROR;
				GCC_WARN_UNDECLARED_SELECTOR = YES;
				GCC_WARN_UNINITIALIZED_AUTOS = YES_AGGRESSIVE;
				GCC_WARN_UNUSED_FUNCTION = YES;
				GCC_WARN_UNUSED_VARIABLE = YES;
				IPHONEOS_DEPLOYMENT_TARGET = 16.0;
				MTL_ENABLE_DEBUG_INFO = INCLUDE_SOURCE;
				MTL_FAST_MATH = YES;
				ONLY_ACTIVE_ARCH = YES;
				SDKROOT = iphoneos;
				SWIFT_ACTIVE_COMPILATION_CONDITIONS = DEBUG;
				SWIFT_OPTIMIZATION_LEVEL = "-Onone";
			};
			name = Debug;
		};
		4305979B291D780D00814C1B /* Release */ = {
			isa = XCBuildConfiguration;
			buildSettings = {
				ALWAYS_SEARCH_USER_PATHS = NO;
				CLANG_ANALYZER_NONNULL = YES;
				CLANG_ANALYZER_NUMBER_OBJECT_CONVERSION = YES_AGGRESSIVE;
				CLANG_CXX_LANGUAGE_STANDARD = "gnu++20";
				CLANG_ENABLE_MODULES = YES;
				CLANG_ENABLE_OBJC_ARC = YES;
				CLANG_ENABLE_OBJC_WEAK = YES;
				CLANG_WARN_BLOCK_CAPTURE_AUTORELEASING = YES;
				CLANG_WARN_BOOL_CONVERSION = YES;
				CLANG_WARN_COMMA = YES;
				CLANG_WARN_CONSTANT_CONVERSION = YES;
				CLANG_WARN_DEPRECATED_OBJC_IMPLEMENTATIONS = YES;
				CLANG_WARN_DIRECT_OBJC_ISA_USAGE = YES_ERROR;
				CLANG_WARN_DOCUMENTATION_COMMENTS = YES;
				CLANG_WARN_EMPTY_BODY = YES;
				CLANG_WARN_ENUM_CONVERSION = YES;
				CLANG_WARN_INFINITE_RECURSION = YES;
				CLANG_WARN_INT_CONVERSION = YES;
				CLANG_WARN_NON_LITERAL_NULL_CONVERSION = YES;
				CLANG_WARN_OBJC_IMPLICIT_RETAIN_SELF = YES;
				CLANG_WARN_OBJC_LITERAL_CONVERSION = YES;
				CLANG_WARN_OBJC_ROOT_CLASS = YES_ERROR;
				CLANG_WARN_QUOTED_INCLUDE_IN_FRAMEWORK_HEADER = YES;
				CLANG_WARN_RANGE_LOOP_ANALYSIS = YES;
				CLANG_WARN_STRICT_PROTOTYPES = YES;
				CLANG_WARN_SUSPICIOUS_MOVE = YES;
				CLANG_WARN_UNGUARDED_AVAILABILITY = YES_AGGRESSIVE;
				CLANG_WARN_UNREACHABLE_CODE = YES;
				CLANG_WARN__DUPLICATE_METHOD_MATCH = YES;
				COPY_PHASE_STRIP = NO;
				DEBUG_INFORMATION_FORMAT = "dwarf-with-dsym";
				ENABLE_NS_ASSERTIONS = NO;
				ENABLE_STRICT_OBJC_MSGSEND = YES;
				GCC_C_LANGUAGE_STANDARD = gnu11;
				GCC_NO_COMMON_BLOCKS = YES;
				GCC_WARN_64_TO_32_BIT_CONVERSION = YES;
				GCC_WARN_ABOUT_RETURN_TYPE = YES_ERROR;
				GCC_WARN_UNDECLARED_SELECTOR = YES;
				GCC_WARN_UNINITIALIZED_AUTOS = YES_AGGRESSIVE;
				GCC_WARN_UNUSED_FUNCTION = YES;
				GCC_WARN_UNUSED_VARIABLE = YES;
				IPHONEOS_DEPLOYMENT_TARGET = 16.0;
				MTL_ENABLE_DEBUG_INFO = NO;
				MTL_FAST_MATH = YES;
				SDKROOT = iphoneos;
				SWIFT_COMPILATION_MODE = wholemodule;
				SWIFT_OPTIMIZATION_LEVEL = "-O";
				VALIDATE_PRODUCT = YES;
			};
			name = Release;
		};
		4305979D291D780D00814C1B /* Debug */ = {
			isa = XCBuildConfiguration;
			buildSettings = {
				ASSETCATALOG_COMPILER_APPICON_NAME = AppIcon;
				ASSETCATALOG_COMPILER_GLOBAL_ACCENT_COLOR_NAME = AccentColor;
				CODE_SIGN_STYLE = Automatic;
				CURRENT_PROJECT_VERSION = 1;
				DEVELOPMENT_ASSET_PATHS = "\"CATAAS/Preview Content\"";
				DEVELOPMENT_TEAM = JX4P7MGZX9;
				ENABLE_PREVIEWS = YES;
				GENERATE_INFOPLIST_FILE = YES;
				INFOPLIST_FILE = CATAAS/Info.plist;
				INFOPLIST_KEY_UIApplicationSceneManifest_Generation = YES;
				INFOPLIST_KEY_UIApplicationSupportsIndirectInputEvents = YES;
				INFOPLIST_KEY_UILaunchScreen_Generation = YES;
				INFOPLIST_KEY_UISupportedInterfaceOrientations_iPad = "UIInterfaceOrientationPortrait UIInterfaceOrientationPortraitUpsideDown UIInterfaceOrientationLandscapeLeft UIInterfaceOrientationLandscapeRight";
				INFOPLIST_KEY_UISupportedInterfaceOrientations_iPhone = "UIInterfaceOrientationPortrait UIInterfaceOrientationLandscapeLeft UIInterfaceOrientationLandscapeRight";
				LD_RUNPATH_SEARCH_PATHS = (
					"$(inherited)",
					"@executable_path/Frameworks",
				);
				MARKETING_VERSION = 1.0;
				PRODUCT_BUNDLE_IDENTIFIER = com.natewilkinson.CATAAS;
				PRODUCT_NAME = "$(TARGET_NAME)";
				SWIFT_EMIT_LOC_STRINGS = YES;
				SWIFT_VERSION = 5.0;
				TARGETED_DEVICE_FAMILY = "1,2";
			};
			name = Debug;
		};
		4305979E291D780D00814C1B /* Release */ = {
			isa = XCBuildConfiguration;
			buildSettings = {
				ASSETCATALOG_COMPILER_APPICON_NAME = AppIcon;
				ASSETCATALOG_COMPILER_GLOBAL_ACCENT_COLOR_NAME = AccentColor;
				CODE_SIGN_STYLE = Automatic;
				CURRENT_PROJECT_VERSION = 1;
				DEVELOPMENT_ASSET_PATHS = "\"CATAAS/Preview Content\"";
				DEVELOPMENT_TEAM = JX4P7MGZX9;
				ENABLE_PREVIEWS = YES;
				GENERATE_INFOPLIST_FILE = YES;
				INFOPLIST_FILE = CATAAS/Info.plist;
				INFOPLIST_KEY_UIApplicationSceneManifest_Generation = YES;
				INFOPLIST_KEY_UIApplicationSupportsIndirectInputEvents = YES;
				INFOPLIST_KEY_UILaunchScreen_Generation = YES;
				INFOPLIST_KEY_UISupportedInterfaceOrientations_iPad = "UIInterfaceOrientationPortrait UIInterfaceOrientationPortraitUpsideDown UIInterfaceOrientationLandscapeLeft UIInterfaceOrientationLandscapeRight";
				INFOPLIST_KEY_UISupportedInterfaceOrientations_iPhone = "UIInterfaceOrientationPortrait UIInterfaceOrientationLandscapeLeft UIInterfaceOrientationLandscapeRight";
				LD_RUNPATH_SEARCH_PATHS = (
					"$(inherited)",
					"@executable_path/Frameworks",
				);
				MARKETING_VERSION = 1.0;
				PRODUCT_BUNDLE_IDENTIFIER = com.natewilkinson.CATAAS;
				PRODUCT_NAME = "$(TARGET_NAME)";
				SWIFT_EMIT_LOC_STRINGS = YES;
				SWIFT_VERSION = 5.0;
				TARGETED_DEVICE_FAMILY = "1,2";
			};
			name = Release;
		};
/* End XCBuildConfiguration section */

/* Begin XCConfigurationList section */
		43059789291D780B00814C1B /* Build configuration list for PBXProject "CATAAS" */ = {
			isa = XCConfigurationList;
			buildConfigurations = (
				4305979A291D780D00814C1B /* Debug */,
				4305979B291D780D00814C1B /* Release */,
			);
			defaultConfigurationIsVisible = 0;
			defaultConfigurationName = Release;
		};
		4305979C291D780D00814C1B /* Build configuration list for PBXNativeTarget "CATAAS" */ = {
			isa = XCConfigurationList;
			buildConfigurations = (
				4305979D291D780D00814C1B /* Debug */,
				4305979E291D780D00814C1B /* Release */,
			);
			defaultConfigurationIsVisible = 0;
			defaultConfigurationName = Release;
		};
/* End XCConfigurationList section */
	};
	rootObject = 43059786291D780B00814C1B /* Project object */;
}
